
Microsoft Visual Studio Solution File, Format Version 12.00
# Visual Studio Version 17
VisualStudioVersion = 17.13.35913.81 d17.13
MinimumVisualStudioVersion = 10.0.40219.1
Project("{FAE04EC0-301F-11D3-BF4B-00C04F79EFBC}") = "MessageApp", "MessageApp\MessageApp.csproj", "{D938B221-3D17-405C-A984-9670CF8FA92E}"
EndProject
Global
	GlobalSection(SolutionConfigurationPlatforms) = preSolution
		Debug|Any CPU = Debug|Any CPU
		Release|Any CPU = Release|Any CPU
	EndGlobalSection
	GlobalSection(ProjectConfigurationPlatforms) = postSolution
		{D938B221-3D17-405C-A984-9670CF8FA92E}.Debug|Any CPU.ActiveCfg = Debug|Any CPU
		{D938B221-3D17-405C-A984-9670CF8FA92E}.Debug|Any CPU.Build.0 = Debug|Any CPU
		{D938B221-3D17-405C-A984-9670CF8FA92E}.Release|Any CPU.ActiveCfg = Release|Any CPU
		{D938B221-3D17-405C-A984-9670CF8FA92E}.Release|Any CPU.Build.0 = Release|Any CPU
	EndGlobalSection
	GlobalSection(SolutionProperties) = preSolution
		HideSolutionNode = FALSE
	EndGlobalSection
	GlobalSection(ExtensibilityGlobals) = postSolution
		SolutionGuid = {FB4C244D-3D4A-4386-84D2-2DCE61767CB6}
	EndGlobalSection
EndGlobal
